<?xml version="1.0" encoding="utf-8"?>
<Project ToolsVersion="4.0" xmlns="http://schemas.microsoft.com/developer/msbuild/2003">
  <ItemGroup>
    <Filter Include="Source Files">
      <UniqueIdentifier>{4FC737F1-C7A5-4376-A066-2A32D752A2FF}</UniqueIdentifier>
      <Extensions>cpp;c;cc;cxx;def;odl;idl;hpj;bat;asm;asmx</Extensions>
    </Filter>
    <Filter Include="Header Files">
      <UniqueIdentifier>{93995380-89BD-4b04-88EB-625FBE52EBFB}</UniqueIdentifier>
      <Extensions>h;hh;hpp;hxx;hm;inl;inc;ipp;xsd</Extensions>
    </Filter>
    <Filter Include="Resource Files">
      <UniqueIdentifier>{67DA6AB6-F800-4c08-8B7A-83BB121AAD01}</UniqueIdentifier>
      <Extensions>rc;ico;cur;bmp;dlg;rc2;rct;bin;rgs;gif;jpg;jpeg;jpe;resx;tiff;tif;png;wav;mfcribbon-ms</Extensions>
    </Filter>
    <Filter Include="Header Files\delta-includes">
      <UniqueIdentifier>{da0515bf-2ba6-41b7-862b-d048a192b7f4}</UniqueIdentifier>
    </Filter>
    <Filter Include="Header Files\game-objects">
      <UniqueIdentifier>{51b53524-a19a-451e-bcb0-4501da7697a1}</UniqueIdentifier>
    </Filter>
    <Filter Include="Source Files\game-objects">
      <UniqueIdentifier>{0254eb56-b044-48a4-ad64-f88346a197f2}</UniqueIdentifier>
    </Filter>
    <Filter Include="Header Files\utilities">
      <UniqueIdentifier>{2a10df87-34d3-4bec-acb9-89d7a7602218}</UniqueIdentifier>
    </Filter>
    <Filter Include="Source Files\utilities">
      <UniqueIdentifier>{fbd25c9b-4c64-4648-aba2-2edaa02d454c}</UniqueIdentifier>
    </Filter>
    <Filter Include="Header Files\colors">
      <UniqueIdentifier>{5ffa741f-e87a-4e0d-acf6-7583624c7a81}</UniqueIdentifier>
    </Filter>
    <Filter Include="Source Files\colors">
      <UniqueIdentifier>{d1010010-6429-478a-9e00-490db9bb79e6}</UniqueIdentifier>
    </Filter>
    <Filter Include="Source Files\game-objects\player">
      <UniqueIdentifier>{a8b3521f-f2ce-4cff-a0d5-7de0d35194ec}</UniqueIdentifier>
    </Filter>
    <Filter Include="Header Files\game-objects\player">
      <UniqueIdentifier>{784c607a-1ebb-4228-8e47-9b7590dda82e}</UniqueIdentifier>
    </Filter>
    <Filter Include="Header Files\game-objects\fruit-bowl">
      <UniqueIdentifier>{53350071-2d09-44f7-bd36-8500711217c3}</UniqueIdentifier>
    </Filter>
    <Filter Include="Header Files\game-objects\toaster">
      <UniqueIdentifier>{8e80138d-4cc2-4fb0-83a4-e807a96033ec}</UniqueIdentifier>
    </Filter>
    <Filter Include="Source Files\game-objects\toaster">
      <UniqueIdentifier>{bee0a617-8b89-4c55-b3d3-0279937f78cc}</UniqueIdentifier>
    </Filter>
    <Filter Include="Source Files\game-objects\fruit-bowl">
      <UniqueIdentifier>{c3463737-38dd-4202-b030-990f4266ec12}</UniqueIdentifier>
    </Filter>
    <Filter Include="Header Files\shaders">
      <UniqueIdentifier>{9d9f32ab-bc2c-4d04-85d1-568be99beb5e}</UniqueIdentifier>
    </Filter>
    <Filter Include="Source Files\shaders">
      <UniqueIdentifier>{aa62b379-b12c-421c-8bf3-31e0d3477f42}</UniqueIdentifier>
    </Filter>
    <Filter Include="Header Files\game-objects\collectible">
      <UniqueIdentifier>{c7e9022a-6611-4f12-a424-a9d1a6543c95}</UniqueIdentifier>
    </Filter>
    <Filter Include="Source Files\game-objects\collectible">
      <UniqueIdentifier>{8b7d9567-8455-4c38-b48a-0f28d1f36381}</UniqueIdentifier>
    </Filter>
    <Filter Include="Header Files\ui">
      <UniqueIdentifier>{35b3f4dd-eae8-4a50-91b7-6bef3ea9c5db}</UniqueIdentifier>
    </Filter>
    <Filter Include="Source Files\ui">
      <UniqueIdentifier>{f4476796-70fa-42f4-9a59-e20a79b24e3c}</UniqueIdentifier>
    </Filter>
    <Filter Include="Header Files\game-objects\lighting">
      <UniqueIdentifier>{cda06ae4-3572-455a-ae4b-e23b99acbb48}</UniqueIdentifier>
    </Filter>
    <Filter Include="Source Files\light">
      <UniqueIdentifier>{2882d5a8-155e-4636-9d70-762b0bd2de36}</UniqueIdentifier>
    </Filter>
    <Filter Include="Header Files\game-objects\scene">
      <UniqueIdentifier>{8cc043a3-3175-48e2-a00a-af8e51539b28}</UniqueIdentifier>
    </Filter>
    <Filter Include="Header Files\game-objects\scene\camera-controllers">
      <UniqueIdentifier>{53331e8b-8550-4b6b-a8b0-9b30b56c68c2}</UniqueIdentifier>
    </Filter>
    <Filter Include="Header Files\game-objects\scene\lighting">
      <UniqueIdentifier>{f9ead019-86d9-4cfb-a59b-8a994b05d72b}</UniqueIdentifier>
    </Filter>
    <Filter Include="Source Files\game-objects\scene">
      <UniqueIdentifier>{9572d34a-fad1-4ccf-8f08-c7b0ee193fb0}</UniqueIdentifier>
    </Filter>
    <Filter Include="Source Files\game-objects\scene\camera-controllers">
      <UniqueIdentifier>{4c6aa0cc-6201-4900-b995-642d1924a616}</UniqueIdentifier>
    </Filter>
    <Filter Include="Source Files\game-objects\scene\lighting">
      <UniqueIdentifier>{658c098f-fec0-4a4c-8d8c-5bcd4e1d8cab}</UniqueIdentifier>
    </Filter>
    <Filter Include="Header Files\game-objects\demo">
      <UniqueIdentifier>{30083147-097b-4315-8f3b-6b3495fc4206}</UniqueIdentifier>
    </Filter>
    <Filter Include="Source Files\game-objects\demo">
      <UniqueIdentifier>{28992417-448f-4437-8019-38f3e94625b4}</UniqueIdentifier>
    </Filter>
  </ItemGroup>
  <ItemGroup>
    <ClCompile Include="..\..\src\main.cpp">
      <Filter>Source Files</Filter>
    </ClCompile>
    <ClCompile Include="..\..\src\os_utilities.cpp">
      <Filter>Source Files</Filter>
    </ClCompile>
    <ClCompile Include="..\..\src\world.cpp">
      <Filter>Source Files</Filter>
    </ClCompile>
    <ClCompile Include="..\..\src\asset_loader.cpp">
      <Filter>Source Files</Filter>
    </ClCompile>
    <ClCompile Include="..\..\src\cereal_adventure_app.cpp">
      <Filter>Source Files</Filter>
    </ClCompile>
    <ClCompile Include="..\..\src\realm.cpp">
      <Filter>Source Files</Filter>
    </ClCompile>
    <ClCompile Include="..\..\src\jitter_filter.cpp">
      <Filter>Source Files</Filter>
    </ClCompile>
    <ClCompile Include="..\..\src\game_object.cpp">
      <Filter>Source Files\game-objects</Filter>
    </ClCompile>
    <ClCompile Include="..\..\src\test_obstacle.cpp">
      <Filter>Source Files\game-objects</Filter>
    </ClCompile>
    <ClCompile Include="..\..\src\ledge.cpp">
      <Filter>Source Files\game-objects</Filter>
    </ClCompile>
    <ClCompile Include="..\..\src\math_utilities.cpp">
      <Filter>Source Files\utilities</Filter>
    </ClCompile>
    <ClCompile Include="..\..\src\cooldown_timer.cpp">
      <Filter>Source Files\utilities</Filter>
    </ClCompile>
    <ClCompile Include="..\..\src\counter.cpp">
      <Filter>Source Files\game-objects</Filter>
    </ClCompile>
    <ClCompile Include="..\..\src\shelves.cpp">
      <Filter>Source Files\game-objects</Filter>
    </ClCompile>
    <ClCompile Include="..\..\src\spring_connector.cpp">
      <Filter>Source Files</Filter>
    </ClCompile>
    <ClCompile Include="..\..\src\milk_carton.cpp">
      <Filter>Source Files\game-objects</Filter>
    </ClCompile>
    <ClCompile Include="..\..\src\fridge.cpp">
      <Filter>Source Files\game-objects</Filter>
    </ClCompile>
    <ClCompile Include="..\..\src\stool_1.cpp">
      <Filter>Source Files\game-objects</Filter>
    </ClCompile>
    <ClCompile Include="..\..\src\microwave.cpp">
      <Filter>Source Files\game-objects</Filter>
    </ClCompile>
    <ClCompile Include="..\..\src\oven.cpp">
      <Filter>Source Files\game-objects</Filter>
    </ClCompile>
    <ClCompile Include="..\..\src\single_shelf.cpp">
      <Filter>Source Files\game-objects</Filter>
    </ClCompile>
    <ClCompile Include="..\..\src\vase.cpp">
      <Filter>Source Files\game-objects</Filter>
    </ClCompile>
    <ClCompile Include="..\..\src\cabinet.cpp">
      <Filter>Source Files\game-objects</Filter>
    </ClCompile>
    <ClCompile Include="..\..\src\sink.cpp">
      <Filter>Source Files\game-objects</Filter>
    </ClCompile>
    <ClCompile Include="..\..\src\static_art.cpp">
      <Filter>Source Files\game-objects</Filter>
    </ClCompile>
    <ClCompile Include="..\..\src\colors.cpp">
      <Filter>Source Files\colors</Filter>
    </ClCompile>
    <ClCompile Include="..\..\src\ceiling_light_source.cpp">
      <Filter>Source Files\game-objects</Filter>
    </ClCompile>
    <ClCompile Include="..\..\src\stove_hood.cpp">
      <Filter>Source Files\game-objects</Filter>
    </ClCompile>
    <ClCompile Include="..\..\src\clock.cpp">
      <Filter>Source Files\utilities</Filter>
    </ClCompile>
    <ClCompile Include="..\..\src\player.cpp">
      <Filter>Source Files\game-objects\player</Filter>
    </ClCompile>
    <ClCompile Include="..\..\src\fire_damage_component.cpp">
      <Filter>Source Files\game-objects\player</Filter>
    </ClCompile>
    <ClCompile Include="..\..\src\walk_component.cpp">
      <Filter>Source Files\game-objects\player</Filter>
    </ClCompile>
    <ClCompile Include="..\..\src\projectile_damage_component.cpp">
      <Filter>Source Files\game-objects\player</Filter>
    </ClCompile>
    <ClCompile Include="..\..\src\fruit_bowl.cpp">
      <Filter>Source Files\game-objects\fruit-bowl</Filter>
    </ClCompile>
    <ClCompile Include="..\..\src\fruit_projectile.cpp">
      <Filter>Source Files\game-objects\fruit-bowl</Filter>
    </ClCompile>
    <ClCompile Include="..\..\src\toaster.cpp">
      <Filter>Source Files\game-objects\toaster</Filter>
    </ClCompile>
    <ClCompile Include="..\..\src\toast_projectile.cpp">
      <Filter>Source Files\game-objects\toaster</Filter>
    </ClCompile>
    <ClCompile Include="..\..\src\player_arms_fsm.cpp">
      <Filter>Source Files\game-objects\player</Filter>
    </ClCompile>
    <ClCompile Include="..\..\src\fan.cpp">
      <Filter>Source Files\game-objects</Filter>
    </ClCompile>
    <ClCompile Include="..\..\src\player_legs_fsm.cpp">
      <Filter>Source Files\game-objects\player</Filter>
    </ClCompile>
    <ClCompile Include="..\..\src\death_component.cpp">
      <Filter>Source Files\game-objects\player</Filter>
    </ClCompile>
    <ClCompile Include="..\..\src\table.cpp">
      <Filter>Source Files\game-objects</Filter>
    </ClCompile>
    <ClCompile Include="..\..\src\shaders.cpp">
      <Filter>Source Files\shaders</Filter>
    </ClCompile>
    <ClCompile Include="..\..\src\window_light_source.cpp">
      <Filter>Source Files\game-objects</Filter>
    </ClCompile>
    <ClCompile Include="..\..\src\collectible_item.cpp">
      <Filter>Source Files\game-objects\collectible</Filter>
    </ClCompile>
    <ClCompile Include="..\..\src\wave_generator.cpp">
      <Filter>Source Files\utilities</Filter>
    </ClCompile>
    <ClCompile Include="..\..\src\wrapping_timer.cpp">
      <Filter>Source Files\utilities</Filter>
    </ClCompile>
    <ClCompile Include="..\..\src\ui.cpp">
      <Filter>Source Files\ui</Filter>
    </ClCompile>
    <ClCompile Include="..\..\src\ssao.cpp">
      <Filter>Source Files\shaders</Filter>
    </ClCompile>
    <ClCompile Include="..\..\src\blur_stage.cpp">
      <Filter>Source Files\shaders</Filter>
    </ClCompile>
    <ClCompile Include="..\..\src\light_object.cpp">
      <Filter>Source Files\light</Filter>
    </ClCompile>
    <ClCompile Include="..\..\src\turn_table_camera.cpp">
      <Filter>Source Files\game-objects\demo</Filter>
    </ClCompile>
    <ClCompile Include="..\..\src\debug_camera_controller.cpp">
      <Filter>Source Files\game-objects\scene\camera-controllers</Filter>
    </ClCompile>
    <ClCompile Include="..\..\src\scene_lighting_controller.cpp">
      <Filter>Source Files\game-objects\scene\lighting</Filter>
    </ClCompile>
    <ClCompile Include="..\..\src\demo_lighting_controller.cpp">
      <Filter>Source Files\game-objects\demo</Filter>
    </ClCompile>
    <ClCompile Include="..\..\src\demo_shader_controls.cpp">
      <Filter>Source Files\game-objects\demo</Filter>
    </ClCompile>
  </ItemGroup>
  <ItemGroup>
    <ClInclude Include="..\..\include\delta.h">
      <Filter>Header Files\delta-includes</Filter>
    </ClInclude>
    <ClInclude Include="..\..\include\os_utilities.h">
      <Filter>Header Files</Filter>
    </ClInclude>
    <ClInclude Include="..\..\include\world.h">
      <Filter>Header Files</Filter>
    </ClInclude>
    <ClInclude Include="..\..\include\aabb.h">
      <Filter>Header Files</Filter>
    </ClInclude>
    <ClInclude Include="..\..\include\asset_loader.h">
      <Filter>Header Files</Filter>
    </ClInclude>
    <ClInclude Include="..\..\include\cereal_adventure_app.h">
      <Filter>Header Files</Filter>
    </ClInclude>
    <ClInclude Include="..\..\include\realm.h">
      <Filter>Header Files</Filter>
    </ClInclude>
    <ClInclude Include="..\..\include\jitter_filter.h">
      <Filter>Header Files</Filter>
    </ClInclude>
    <ClInclude Include="..\..\include\game_object.h">
      <Filter>Header Files\game-objects</Filter>
    </ClInclude>
    <ClInclude Include="..\..\include\test_obstacle.h">
      <Filter>Header Files\game-objects</Filter>
    </ClInclude>
    <ClInclude Include="..\..\include\ledge.h">
      <Filter>Header Files\game-objects</Filter>
    </ClInclude>
    <ClInclude Include="..\..\include\math_utilities.h">
      <Filter>Header Files\utilities</Filter>
    </ClInclude>
    <ClInclude Include="..\..\include\cooldown_timer.h">
      <Filter>Header Files\utilities</Filter>
    </ClInclude>
    <ClInclude Include="..\..\include\counter.h">
      <Filter>Header Files\game-objects</Filter>
    </ClInclude>
    <ClInclude Include="..\..\include\shelves.h">
      <Filter>Header Files\game-objects</Filter>
    </ClInclude>
    <ClInclude Include="..\..\include\spring_connector.h">
      <Filter>Header Files</Filter>
    </ClInclude>
    <ClInclude Include="..\..\include\milk_carton.h">
      <Filter>Header Files\game-objects</Filter>
    </ClInclude>
    <ClInclude Include="..\..\include\fridge.h">
      <Filter>Header Files\game-objects</Filter>
    </ClInclude>
    <ClInclude Include="..\..\include\stool_1.h">
      <Filter>Header Files\game-objects</Filter>
    </ClInclude>
    <ClInclude Include="..\..\include\microwave.h">
      <Filter>Header Files\game-objects</Filter>
    </ClInclude>
    <ClInclude Include="..\..\include\oven.h">
      <Filter>Header Files\game-objects</Filter>
    </ClInclude>
    <ClInclude Include="..\..\include\single_shelf.h">
      <Filter>Header Files\game-objects</Filter>
    </ClInclude>
    <ClInclude Include="..\..\include\vase.h">
      <Filter>Header Files\game-objects</Filter>
    </ClInclude>
    <ClInclude Include="..\..\include\cabinet.h">
      <Filter>Header Files\game-objects</Filter>
    </ClInclude>
    <ClInclude Include="..\..\include\game_objects.h">
      <Filter>Header Files\game-objects</Filter>
    </ClInclude>
    <ClInclude Include="..\..\include\sink.h">
      <Filter>Header Files\game-objects</Filter>
    </ClInclude>
    <ClInclude Include="..\..\include\static_art.h">
      <Filter>Header Files\game-objects</Filter>
    </ClInclude>
    <ClInclude Include="..\..\include\colors.h">
      <Filter>Header Files\colors</Filter>
    </ClInclude>
    <ClInclude Include="..\..\include\ceiling_light_source.h">
      <Filter>Header Files\game-objects</Filter>
    </ClInclude>
    <ClInclude Include="..\..\include\stove_hood.h">
      <Filter>Header Files\game-objects</Filter>
    </ClInclude>
    <ClInclude Include="..\..\include\clock.h">
      <Filter>Header Files\utilities</Filter>
    </ClInclude>
    <ClInclude Include="..\..\include\player.h">
      <Filter>Header Files\game-objects\player</Filter>
    </ClInclude>
    <ClInclude Include="..\..\include\fire_damage_component.h">
      <Filter>Header Files\game-objects\player</Filter>
    </ClInclude>
    <ClInclude Include="..\..\include\walk_component.h">
      <Filter>Header Files\game-objects\player</Filter>
    </ClInclude>
    <ClInclude Include="..\..\include\projectile_damage_component.h">
      <Filter>Header Files\game-objects\player</Filter>
    </ClInclude>
    <ClInclude Include="..\..\include\fruit_bowl.h">
      <Filter>Header Files\game-objects\fruit-bowl</Filter>
    </ClInclude>
    <ClInclude Include="..\..\include\fruit_projectile.h">
      <Filter>Header Files\game-objects\fruit-bowl</Filter>
    </ClInclude>
    <ClInclude Include="..\..\include\toaster.h">
      <Filter>Header Files\game-objects\toaster</Filter>
    </ClInclude>
    <ClInclude Include="..\..\include\toast_projectile.h">
      <Filter>Header Files\game-objects\toaster</Filter>
    </ClInclude>
    <ClInclude Include="..\..\include\player_arms_fsm.h">
      <Filter>Header Files\game-objects\player</Filter>
    </ClInclude>
    <ClInclude Include="..\..\include\fan.h">
      <Filter>Header Files\game-objects</Filter>
    </ClInclude>
    <ClInclude Include="..\..\include\player_legs_fsm.h">
      <Filter>Header Files\game-objects\player</Filter>
    </ClInclude>
    <ClInclude Include="..\..\include\death_component.h">
      <Filter>Header Files\game-objects\player</Filter>
    </ClInclude>
    <ClInclude Include="..\..\include\table.h">
      <Filter>Header Files\game-objects</Filter>
    </ClInclude>
    <ClInclude Include="..\..\include\shaders.h">
      <Filter>Header Files\shaders</Filter>
    </ClInclude>
    <ClInclude Include="..\..\include\shader_controls.h">
      <Filter>Header Files\shaders</Filter>
    </ClInclude>
    <ClInclude Include="..\..\include\window_light_source.h">
      <Filter>Header Files\game-objects</Filter>
    </ClInclude>
    <ClInclude Include="..\..\include\collectible_item.h">
      <Filter>Header Files\game-objects\collectible</Filter>
    </ClInclude>
    <ClInclude Include="..\..\include\wave_generator.h">
      <Filter>Header Files\utilities</Filter>
    </ClInclude>
    <ClInclude Include="..\..\include\wrapping_timer.h">
      <Filter>Header Files\utilities</Filter>
    </ClInclude>
    <ClInclude Include="..\..\include\ui.h">
      <Filter>Header Files\ui</Filter>
    </ClInclude>
    <ClInclude Include="..\..\include\ssao.h">
      <Filter>Header Files\shaders</Filter>
    </ClInclude>
    <ClInclude Include="..\..\include\blur_stage.h">
      <Filter>Header Files\shaders</Filter>
    </ClInclude>
    <ClInclude Include="..\..\include\light_object.h">
      <Filter>Header Files\game-objects\lighting</Filter>
    </ClInclude>
    <ClInclude Include="..\..\include\turn_table_camera.h">
      <Filter>Header Files\game-objects\demo</Filter>
    </ClInclude>
    <ClInclude Include="..\..\include\debug_camera_controller.h">
      <Filter>Header Files\game-objects\scene\camera-controllers</Filter>
    </ClInclude>
    <ClInclude Include="..\..\include\scene_lighting_controller.h">
      <Filter>Header Files\game-objects\scene\lighting</Filter>
    </ClInclude>
    <ClInclude Include="..\..\include\demo_lighting_controller.h">
      <Filter>Header Files\game-objects\demo</Filter>
    </ClInclude>
    <ClInclude Include="..\..\include\demo_shader_controls.h">
      <Filter>Header Files\game-objects\demo</Filter>
    </ClInclude>
  </ItemGroup>
</Project>