<?xml version="1.0" encoding="utf-8"?>
<Project ToolsVersion="4.0" xmlns="http://schemas.microsoft.com/developer/msbuild/2003">
  <ItemGroup>
    <Filter Include="Source Files">
      <UniqueIdentifier>{4FC737F1-C7A5-4376-A066-2A32D752A2FF}</UniqueIdentifier>
      <Extensions>cpp;c;cc;cxx;def;odl;idl;hpj;bat;asm;asmx</Extensions>
    </Filter>
    <Filter Include="Header Files">
      <UniqueIdentifier>{93995380-89BD-4b04-88EB-625FBE52EBFB}</UniqueIdentifier>
      <Extensions>h;hh;hpp;hxx;hm;inl;inc;ipp;xsd</Extensions>
    </Filter>
    <Filter Include="Resource Files">
      <UniqueIdentifier>{67DA6AB6-F800-4c08-8B7A-83BB121AAD01}</UniqueIdentifier>
      <Extensions>rc;ico;cur;bmp;dlg;rc2;rct;bin;rgs;gif;jpg;jpeg;jpe;resx;tiff;tif;png;wav;mfcribbon-ms</Extensions>
    </Filter>
    <Filter Include="Header Files\delta-includes">
      <UniqueIdentifier>{da0515bf-2ba6-41b7-862b-d048a192b7f4}</UniqueIdentifier>
    </Filter>
    <Filter Include="Header Files\game-objects">
      <UniqueIdentifier>{51b53524-a19a-451e-bcb0-4501da7697a1}</UniqueIdentifier>
    </Filter>
    <Filter Include="Source Files\game-objects">
      <UniqueIdentifier>{0254eb56-b044-48a4-ad64-f88346a197f2}</UniqueIdentifier>
    </Filter>
    <Filter Include="Header Files\utilities">
      <UniqueIdentifier>{2a10df87-34d3-4bec-acb9-89d7a7602218}</UniqueIdentifier>
    </Filter>
    <Filter Include="Source Files\utilities">
      <UniqueIdentifier>{fbd25c9b-4c64-4648-aba2-2edaa02d454c}</UniqueIdentifier>
    </Filter>
  </ItemGroup>
  <ItemGroup>
    <ClCompile Include="..\..\src\main.cpp">
      <Filter>Source Files</Filter>
    </ClCompile>
    <ClCompile Include="..\..\src\os_utilities.cpp">
      <Filter>Source Files</Filter>
    </ClCompile>
    <ClCompile Include="..\..\src\world.cpp">
      <Filter>Source Files</Filter>
    </ClCompile>
    <ClCompile Include="..\..\src\asset_loader.cpp">
      <Filter>Source Files</Filter>
    </ClCompile>
    <ClCompile Include="..\..\src\cereal_adventure_app.cpp">
      <Filter>Source Files</Filter>
    </ClCompile>
    <ClCompile Include="..\..\src\realm.cpp">
      <Filter>Source Files</Filter>
    </ClCompile>
    <ClCompile Include="..\..\src\jitter_filter.cpp">
      <Filter>Source Files</Filter>
    </ClCompile>
    <ClCompile Include="..\..\src\game_object.cpp">
      <Filter>Source Files\game-objects</Filter>
    </ClCompile>
    <ClCompile Include="..\..\src\test_obstacle.cpp">
      <Filter>Source Files\game-objects</Filter>
    </ClCompile>
    <ClCompile Include="..\..\src\player.cpp">
      <Filter>Source Files\game-objects</Filter>
    </ClCompile>
    <ClCompile Include="..\..\src\ledge.cpp">
      <Filter>Source Files\game-objects</Filter>
    </ClCompile>
    <ClCompile Include="..\..\src\math_utilities.cpp">
      <Filter>Source Files\utilities</Filter>
    </ClCompile>
    <ClCompile Include="..\..\src\cooldown_timer.cpp">
      <Filter>Source Files\utilities</Filter>
    </ClCompile>
    <ClCompile Include="..\..\src\counter.cpp">
      <Filter>Source Files\game-objects</Filter>
    </ClCompile>
    <ClCompile Include="..\..\src\toaster.cpp">
      <Filter>Source Files\game-objects</Filter>
    </ClCompile>
    <ClCompile Include="..\..\src\shelves.cpp">
      <Filter>Source Files\game-objects</Filter>
    </ClCompile>
    <ClCompile Include="..\..\src\spring_connector.cpp">
      <Filter>Source Files</Filter>
    </ClCompile>
    <ClCompile Include="..\..\src\milk_carton.cpp">
      <Filter>Source Files\game-objects</Filter>
    </ClCompile>
    <ClCompile Include="..\..\src\fridge.cpp">
      <Filter>Source Files\game-objects</Filter>
    </ClCompile>
    <ClCompile Include="..\..\src\stool_1.cpp">
      <Filter>Source Files\game-objects</Filter>
    </ClCompile>
    <ClCompile Include="..\..\src\microwave.cpp">
      <Filter>Source Files\game-objects</Filter>
    </ClCompile>
  </ItemGroup>
  <ItemGroup>
    <ClInclude Include="..\..\include\delta.h">
      <Filter>Header Files\delta-includes</Filter>
    </ClInclude>
    <ClInclude Include="..\..\include\os_utilities.h">
      <Filter>Header Files</Filter>
    </ClInclude>
    <ClInclude Include="..\..\include\world.h">
      <Filter>Header Files</Filter>
    </ClInclude>
    <ClInclude Include="..\..\include\aabb.h">
      <Filter>Header Files</Filter>
    </ClInclude>
    <ClInclude Include="..\..\include\asset_loader.h">
      <Filter>Header Files</Filter>
    </ClInclude>
    <ClInclude Include="..\..\include\cereal_adventure_app.h">
      <Filter>Header Files</Filter>
    </ClInclude>
    <ClInclude Include="..\..\include\realm.h">
      <Filter>Header Files</Filter>
    </ClInclude>
    <ClInclude Include="..\..\include\jitter_filter.h">
      <Filter>Header Files</Filter>
    </ClInclude>
    <ClInclude Include="..\..\include\game_object.h">
      <Filter>Header Files\game-objects</Filter>
    </ClInclude>
    <ClInclude Include="..\..\include\player.h">
      <Filter>Header Files\game-objects</Filter>
    </ClInclude>
    <ClInclude Include="..\..\include\test_obstacle.h">
      <Filter>Header Files\game-objects</Filter>
    </ClInclude>
    <ClInclude Include="..\..\include\ledge.h">
      <Filter>Header Files\game-objects</Filter>
    </ClInclude>
    <ClInclude Include="..\..\include\math_utilities.h">
      <Filter>Header Files\utilities</Filter>
    </ClInclude>
    <ClInclude Include="..\..\include\cooldown_timer.h">
      <Filter>Header Files\utilities</Filter>
    </ClInclude>
    <ClInclude Include="..\..\include\counter.h">
      <Filter>Header Files\game-objects</Filter>
    </ClInclude>
    <ClInclude Include="..\..\include\toaster.h">
      <Filter>Header Files\game-objects</Filter>
    </ClInclude>
    <ClInclude Include="..\..\include\shelves.h">
      <Filter>Header Files\game-objects</Filter>
    </ClInclude>
    <ClInclude Include="..\..\include\spring_connector.h">
      <Filter>Header Files</Filter>
    </ClInclude>
    <ClInclude Include="..\..\include\milk_carton.h">
      <Filter>Header Files\game-objects</Filter>
    </ClInclude>
    <ClInclude Include="..\..\include\fridge.h">
      <Filter>Header Files\game-objects</Filter>
    </ClInclude>
    <ClInclude Include="..\..\include\stool_1.h">
      <Filter>Header Files\game-objects</Filter>
    </ClInclude>
    <ClInclude Include="..\..\include\microwave.h">
      <Filter>Header Files\game-objects</Filter>
    </ClInclude>
  </ItemGroup>
</Project>